
Microsoft Visual Studio Solution File, Format Version 12.00
# Visual Studio 15
VisualStudioVersion = 15.0.26730.12
MinimumVisualStudioVersion = 10.0.40219.1
Project("{FAE04EC0-301F-11D3-BF4B-00C04F79EFBC}") = "IPInterface", "IPInterface\IPInterface.csproj", "{E0142C69-2E91-4C62-8887-07631902145A}"
EndProject
Project("{FAE04EC0-301F-11D3-BF4B-00C04F79EFBC}") = "IPInterface.SimpleDemo", "IPInterface.SimpleDemo\IPInterface.SimpleDemo.csproj", "{C5127A52-D8EC-4B86-8F3B-865F34BA607E}"
EndProject
Project("{FAE04EC0-301F-11D3-BF4B-00C04F79EFBC}") = "IPInterface.TestPOS", "IPInterface.TestPOS\IPInterface.TestPOS.csproj", "{72F2621E-51DB-4881-8B98-B49982438B21}"
EndProject
Project("{FAE04EC0-301F-11D3-BF4B-00C04F79EFBC}") = "IPInterface.SimpleDemoAsync", "IPInterface.SimpleDemoAsync\IPInterface.SimpleDemoAsync.csproj", "{7EF9E66B-A1DD-4A34-9D69-86AF7F074B51}"
EndProject
Project("{2150E333-8FDC-42A3-9474-1A3956D46DE8}") = "Solution Items", "Solution Items", "{57168F53-7F3B-49B7-AD97-90A4DF7CBFBE}"
	ProjectSection(SolutionItems) = preProject
		README.md = README.md
	EndProjectSection
EndProject
Global
	GlobalSection(SolutionConfigurationPlatforms) = preSolution
		Debug|Any CPU = Debug|Any CPU
		Debug|x64 = Debug|x64
		Debug|x86 = Debug|x86
		Release|Any CPU = Release|Any CPU
		Release|x64 = Release|x64
		Release|x86 = Release|x86
	EndGlobalSection
	GlobalSection(ProjectConfigurationPlatforms) = postSolution
		{E0142C69-2E91-4C62-8887-07631902145A}.Debug|Any CPU.ActiveCfg = Debug|Any CPU
		{E0142C69-2E91-4C62-8887-07631902145A}.Debug|Any CPU.Build.0 = Debug|Any CPU
		{E0142C69-2E91-4C62-8887-07631902145A}.Debug|x64.ActiveCfg = Debug|Any CPU
		{E0142C69-2E91-4C62-8887-07631902145A}.Debug|x64.Build.0 = Debug|Any CPU
		{E0142C69-2E91-4C62-8887-07631902145A}.Debug|x86.ActiveCfg = Debug|Any CPU
		{E0142C69-2E91-4C62-8887-07631902145A}.Debug|x86.Build.0 = Debug|Any CPU
		{E0142C69-2E91-4C62-8887-07631902145A}.Release|Any CPU.ActiveCfg = Release|Any CPU
		{E0142C69-2E91-4C62-8887-07631902145A}.Release|Any CPU.Build.0 = Release|Any CPU
		{E0142C69-2E91-4C62-8887-07631902145A}.Release|x64.ActiveCfg = Release|Any CPU
		{E0142C69-2E91-4C62-8887-07631902145A}.Release|x64.Build.0 = Release|Any CPU
		{E0142C69-2E91-4C62-8887-07631902145A}.Release|x86.ActiveCfg = Release|Any CPU
		{E0142C69-2E91-4C62-8887-07631902145A}.Release|x86.Build.0 = Release|Any CPU
		{C5127A52-D8EC-4B86-8F3B-865F34BA607E}.Debug|Any CPU.ActiveCfg = Debug|Any CPU
		{C5127A52-D8EC-4B86-8F3B-865F34BA607E}.Debug|Any CPU.Build.0 = Debug|Any CPU
		{C5127A52-D8EC-4B86-8F3B-865F34BA607E}.Debug|x64.ActiveCfg = Debug|Any CPU
		{C5127A52-D8EC-4B86-8F3B-865F34BA607E}.Debug|x64.Build.0 = Debug|Any CPU
		{C5127A52-D8EC-4B86-8F3B-865F34BA607E}.Debug|x86.ActiveCfg = Debug|Any CPU
		{C5127A52-D8EC-4B86-8F3B-865F34BA607E}.Debug|x86.Build.0 = Debug|Any CPU
		{C5127A52-D8EC-4B86-8F3B-865F34BA607E}.Release|Any CPU.ActiveCfg = Release|Any CPU
		{C5127A52-D8EC-4B86-8F3B-865F34BA607E}.Release|Any CPU.Build.0 = Release|Any CPU
		{C5127A52-D8EC-4B86-8F3B-865F34BA607E}.Release|x64.ActiveCfg = Release|Any CPU
		{C5127A52-D8EC-4B86-8F3B-865F34BA607E}.Release|x64.Build.0 = Release|Any CPU
		{C5127A52-D8EC-4B86-8F3B-865F34BA607E}.Release|x86.ActiveCfg = Release|Any CPU
		{C5127A52-D8EC-4B86-8F3B-865F34BA607E}.Release|x86.Build.0 = Release|Any CPU
		{72F2621E-51DB-4881-8B98-B49982438B21}.Debug|Any CPU.ActiveCfg = Debug|Any CPU
		{72F2621E-51DB-4881-8B98-B49982438B21}.Debug|Any CPU.Build.0 = Debug|Any CPU
		{72F2621E-51DB-4881-8B98-B49982438B21}.Debug|x64.ActiveCfg = Debug|Any CPU
		{72F2621E-51DB-4881-8B98-B49982438B21}.Debug|x64.Build.0 = Debug|Any CPU
		{72F2621E-51DB-4881-8B98-B49982438B21}.Debug|x86.ActiveCfg = Debug|Any CPU
		{72F2621E-51DB-4881-8B98-B49982438B21}.Debug|x86.Build.0 = Debug|Any CPU
		{72F2621E-51DB-4881-8B98-B49982438B21}.Release|Any CPU.ActiveCfg = Release|Any CPU
		{72F2621E-51DB-4881-8B98-B49982438B21}.Release|Any CPU.Build.0 = Release|Any CPU
		{72F2621E-51DB-4881-8B98-B49982438B21}.Release|x64.ActiveCfg = Release|Any CPU
		{72F2621E-51DB-4881-8B98-B49982438B21}.Release|x64.Build.0 = Release|Any CPU
		{72F2621E-51DB-4881-8B98-B49982438B21}.Release|x86.ActiveCfg = Release|Any CPU
		{72F2621E-51DB-4881-8B98-B49982438B21}.Release|x86.Build.0 = Release|Any CPU
		{7EF9E66B-A1DD-4A34-9D69-86AF7F074B51}.Debug|Any CPU.ActiveCfg = Debug|Any CPU
		{7EF9E66B-A1DD-4A34-9D69-86AF7F074B51}.Debug|Any CPU.Build.0 = Debug|Any CPU
		{7EF9E66B-A1DD-4A34-9D69-86AF7F074B51}.Debug|x64.ActiveCfg = Debug|Any CPU
		{7EF9E66B-A1DD-4A34-9D69-86AF7F074B51}.Debug|x64.Build.0 = Debug|Any CPU
		{7EF9E66B-A1DD-4A34-9D69-86AF7F074B51}.Debug|x86.ActiveCfg = Debug|Any CPU
		{7EF9E66B-A1DD-4A34-9D69-86AF7F074B51}.Debug|x86.Build.0 = Debug|Any CPU
		{7EF9E66B-A1DD-4A34-9D69-86AF7F074B51}.Release|Any CPU.ActiveCfg = Release|Any CPU
		{7EF9E66B-A1DD-4A34-9D69-86AF7F074B51}.Release|Any CPU.Build.0 = Release|Any CPU
		{7EF9E66B-A1DD-4A34-9D69-86AF7F074B51}.Release|x64.ActiveCfg = Release|Any CPU
		{7EF9E66B-A1DD-4A34-9D69-86AF7F074B51}.Release|x64.Build.0 = Release|Any CPU
		{7EF9E66B-A1DD-4A34-9D69-86AF7F074B51}.Release|x86.ActiveCfg = Release|Any CPU
		{7EF9E66B-A1DD-4A34-9D69-86AF7F074B51}.Release|x86.Build.0 = Release|Any CPU
	EndGlobalSection
	GlobalSection(SolutionProperties) = preSolution
		HideSolutionNode = FALSE
	EndGlobalSection
	GlobalSection(ExtensibilityGlobals) = postSolution
		SolutionGuid = {20B4B580-0260-4C0D-BD10-8F712752F482}
	EndGlobalSection
EndGlobal
