
Microsoft Visual Studio Solution File, Format Version 12.00
# Visual Studio 15
VisualStudioVersion = 15.0.27130.2027
MinimumVisualStudioVersion = 10.0.40219.1
Project("{FAE04EC0-301F-11D3-BF4B-00C04F79EFBC}") = "IPInterface.SimpleDemo", "IPInterface.SimpleDemo\IPInterface.SimpleDemo.csproj", "{C5127A52-D8EC-4B86-8F3B-865F34BA607E}"
EndProject
Project("{FAE04EC0-301F-11D3-BF4B-00C04F79EFBC}") = "IPInterface.TestPOS", "IPInterface.TestPOS\IPInterface.TestPOS.csproj", "{72F2621E-51DB-4881-8B98-B49982438B21}"
EndProject
Project("{FAE04EC0-301F-11D3-BF4B-00C04F79EFBC}") = "IPInterface.SimpleDemoAsync", "IPInterface.SimpleDemoAsync\IPInterface.SimpleDemoAsync.csproj", "{7EF9E66B-A1DD-4A34-9D69-86AF7F074B51}"
EndProject
Project("{2150E333-8FDC-42A3-9474-1A3956D46DE8}") = "Solution Items", "Solution Items", "{57168F53-7F3B-49B7-AD97-90A4DF7CBFBE}"
	ProjectSection(SolutionItems) = preProject
		README.md = README.md
	EndProjectSection
EndProject
Project("{9A19103F-16F7-4668-BE54-9A1E7A4F7556}") = "IPInterface", "IPInterface\IPInterface.csproj", "{3DE3FF35-5303-41F0-9F66-5B5AB2B6B7DF}"
EndProject
Global
	GlobalSection(SolutionConfigurationPlatforms) = preSolution
		Ad-Hoc|Any CPU = Ad-Hoc|Any CPU
		Ad-Hoc|iPhone = Ad-Hoc|iPhone
		Ad-Hoc|iPhoneSimulator = Ad-Hoc|iPhoneSimulator
		Ad-Hoc|x64 = Ad-Hoc|x64
		Ad-Hoc|x86 = Ad-Hoc|x86
		AppStore|Any CPU = AppStore|Any CPU
		AppStore|iPhone = AppStore|iPhone
		AppStore|iPhoneSimulator = AppStore|iPhoneSimulator
		AppStore|x64 = AppStore|x64
		AppStore|x86 = AppStore|x86
		Debug_NetStandard|Any CPU = Debug_NetStandard|Any CPU
		Debug_NetStandard|iPhone = Debug_NetStandard|iPhone
		Debug_NetStandard|iPhoneSimulator = Debug_NetStandard|iPhoneSimulator
		Debug_NetStandard|x64 = Debug_NetStandard|x64
		Debug_NetStandard|x86 = Debug_NetStandard|x86
		Debug|Any CPU = Debug|Any CPU
		Debug|iPhone = Debug|iPhone
		Debug|iPhoneSimulator = Debug|iPhoneSimulator
		Debug|x64 = Debug|x64
		Debug|x86 = Debug|x86
		Release_NetStandard|Any CPU = Release_NetStandard|Any CPU
		Release_NetStandard|iPhone = Release_NetStandard|iPhone
		Release_NetStandard|iPhoneSimulator = Release_NetStandard|iPhoneSimulator
		Release_NetStandard|x64 = Release_NetStandard|x64
		Release_NetStandard|x86 = Release_NetStandard|x86
		Release|Any CPU = Release|Any CPU
		Release|iPhone = Release|iPhone
		Release|iPhoneSimulator = Release|iPhoneSimulator
		Release|x64 = Release|x64
		Release|x86 = Release|x86
	EndGlobalSection
	GlobalSection(ProjectConfigurationPlatforms) = postSolution
		{C5127A52-D8EC-4B86-8F3B-865F34BA607E}.Ad-Hoc|Any CPU.ActiveCfg = Release|Any CPU
		{C5127A52-D8EC-4B86-8F3B-865F34BA607E}.Ad-Hoc|Any CPU.Build.0 = Release|Any CPU
		{C5127A52-D8EC-4B86-8F3B-865F34BA607E}.Ad-Hoc|iPhone.ActiveCfg = Release|Any CPU
		{C5127A52-D8EC-4B86-8F3B-865F34BA607E}.Ad-Hoc|iPhone.Build.0 = Release|Any CPU
		{C5127A52-D8EC-4B86-8F3B-865F34BA607E}.Ad-Hoc|iPhoneSimulator.ActiveCfg = Release|Any CPU
		{C5127A52-D8EC-4B86-8F3B-865F34BA607E}.Ad-Hoc|iPhoneSimulator.Build.0 = Release|Any CPU
		{C5127A52-D8EC-4B86-8F3B-865F34BA607E}.Ad-Hoc|x64.ActiveCfg = Release|Any CPU
		{C5127A52-D8EC-4B86-8F3B-865F34BA607E}.Ad-Hoc|x64.Build.0 = Release|Any CPU
		{C5127A52-D8EC-4B86-8F3B-865F34BA607E}.Ad-Hoc|x86.ActiveCfg = Release|Any CPU
		{C5127A52-D8EC-4B86-8F3B-865F34BA607E}.Ad-Hoc|x86.Build.0 = Release|Any CPU
		{C5127A52-D8EC-4B86-8F3B-865F34BA607E}.AppStore|Any CPU.ActiveCfg = Release|Any CPU
		{C5127A52-D8EC-4B86-8F3B-865F34BA607E}.AppStore|Any CPU.Build.0 = Release|Any CPU
		{C5127A52-D8EC-4B86-8F3B-865F34BA607E}.AppStore|iPhone.ActiveCfg = Release|Any CPU
		{C5127A52-D8EC-4B86-8F3B-865F34BA607E}.AppStore|iPhone.Build.0 = Release|Any CPU
		{C5127A52-D8EC-4B86-8F3B-865F34BA607E}.AppStore|iPhoneSimulator.ActiveCfg = Release|Any CPU
		{C5127A52-D8EC-4B86-8F3B-865F34BA607E}.AppStore|iPhoneSimulator.Build.0 = Release|Any CPU
		{C5127A52-D8EC-4B86-8F3B-865F34BA607E}.AppStore|x64.ActiveCfg = Release|Any CPU
		{C5127A52-D8EC-4B86-8F3B-865F34BA607E}.AppStore|x64.Build.0 = Release|Any CPU
		{C5127A52-D8EC-4B86-8F3B-865F34BA607E}.AppStore|x86.ActiveCfg = Release|Any CPU
		{C5127A52-D8EC-4B86-8F3B-865F34BA607E}.AppStore|x86.Build.0 = Release|Any CPU
		{C5127A52-D8EC-4B86-8F3B-865F34BA607E}.Debug_NetStandard|Any CPU.ActiveCfg = Debug|Any CPU
		{C5127A52-D8EC-4B86-8F3B-865F34BA607E}.Debug_NetStandard|Any CPU.Build.0 = Debug|Any CPU
		{C5127A52-D8EC-4B86-8F3B-865F34BA607E}.Debug_NetStandard|iPhone.ActiveCfg = Debug|Any CPU
		{C5127A52-D8EC-4B86-8F3B-865F34BA607E}.Debug_NetStandard|iPhone.Build.0 = Debug|Any CPU
		{C5127A52-D8EC-4B86-8F3B-865F34BA607E}.Debug_NetStandard|iPhoneSimulator.ActiveCfg = Debug|Any CPU
		{C5127A52-D8EC-4B86-8F3B-865F34BA607E}.Debug_NetStandard|iPhoneSimulator.Build.0 = Debug|Any CPU
		{C5127A52-D8EC-4B86-8F3B-865F34BA607E}.Debug_NetStandard|x64.ActiveCfg = Debug|Any CPU
		{C5127A52-D8EC-4B86-8F3B-865F34BA607E}.Debug_NetStandard|x64.Build.0 = Debug|Any CPU
		{C5127A52-D8EC-4B86-8F3B-865F34BA607E}.Debug_NetStandard|x86.ActiveCfg = Debug|Any CPU
		{C5127A52-D8EC-4B86-8F3B-865F34BA607E}.Debug_NetStandard|x86.Build.0 = Debug|Any CPU
		{C5127A52-D8EC-4B86-8F3B-865F34BA607E}.Debug|Any CPU.ActiveCfg = Debug|Any CPU
		{C5127A52-D8EC-4B86-8F3B-865F34BA607E}.Debug|Any CPU.Build.0 = Debug|Any CPU
		{C5127A52-D8EC-4B86-8F3B-865F34BA607E}.Debug|iPhone.ActiveCfg = Debug|Any CPU
		{C5127A52-D8EC-4B86-8F3B-865F34BA607E}.Debug|iPhone.Build.0 = Debug|Any CPU
		{C5127A52-D8EC-4B86-8F3B-865F34BA607E}.Debug|iPhoneSimulator.ActiveCfg = Debug|Any CPU
		{C5127A52-D8EC-4B86-8F3B-865F34BA607E}.Debug|iPhoneSimulator.Build.0 = Debug|Any CPU
		{C5127A52-D8EC-4B86-8F3B-865F34BA607E}.Debug|x64.ActiveCfg = Debug|Any CPU
		{C5127A52-D8EC-4B86-8F3B-865F34BA607E}.Debug|x64.Build.0 = Debug|Any CPU
		{C5127A52-D8EC-4B86-8F3B-865F34BA607E}.Debug|x86.ActiveCfg = Debug|Any CPU
		{C5127A52-D8EC-4B86-8F3B-865F34BA607E}.Debug|x86.Build.0 = Debug|Any CPU
		{C5127A52-D8EC-4B86-8F3B-865F34BA607E}.Release_NetStandard|Any CPU.ActiveCfg = Release|Any CPU
		{C5127A52-D8EC-4B86-8F3B-865F34BA607E}.Release_NetStandard|Any CPU.Build.0 = Release|Any CPU
		{C5127A52-D8EC-4B86-8F3B-865F34BA607E}.Release_NetStandard|iPhone.ActiveCfg = Release|Any CPU
		{C5127A52-D8EC-4B86-8F3B-865F34BA607E}.Release_NetStandard|iPhone.Build.0 = Release|Any CPU
		{C5127A52-D8EC-4B86-8F3B-865F34BA607E}.Release_NetStandard|iPhoneSimulator.ActiveCfg = Release|Any CPU
		{C5127A52-D8EC-4B86-8F3B-865F34BA607E}.Release_NetStandard|iPhoneSimulator.Build.0 = Release|Any CPU
		{C5127A52-D8EC-4B86-8F3B-865F34BA607E}.Release_NetStandard|x64.ActiveCfg = Release|Any CPU
		{C5127A52-D8EC-4B86-8F3B-865F34BA607E}.Release_NetStandard|x64.Build.0 = Release|Any CPU
		{C5127A52-D8EC-4B86-8F3B-865F34BA607E}.Release_NetStandard|x86.ActiveCfg = Release|Any CPU
		{C5127A52-D8EC-4B86-8F3B-865F34BA607E}.Release_NetStandard|x86.Build.0 = Release|Any CPU
		{C5127A52-D8EC-4B86-8F3B-865F34BA607E}.Release|Any CPU.ActiveCfg = Release|Any CPU
		{C5127A52-D8EC-4B86-8F3B-865F34BA607E}.Release|Any CPU.Build.0 = Release|Any CPU
		{C5127A52-D8EC-4B86-8F3B-865F34BA607E}.Release|iPhone.ActiveCfg = Release|Any CPU
		{C5127A52-D8EC-4B86-8F3B-865F34BA607E}.Release|iPhone.Build.0 = Release|Any CPU
		{C5127A52-D8EC-4B86-8F3B-865F34BA607E}.Release|iPhoneSimulator.ActiveCfg = Release|Any CPU
		{C5127A52-D8EC-4B86-8F3B-865F34BA607E}.Release|iPhoneSimulator.Build.0 = Release|Any CPU
		{C5127A52-D8EC-4B86-8F3B-865F34BA607E}.Release|x64.ActiveCfg = Release|Any CPU
		{C5127A52-D8EC-4B86-8F3B-865F34BA607E}.Release|x64.Build.0 = Release|Any CPU
		{C5127A52-D8EC-4B86-8F3B-865F34BA607E}.Release|x86.ActiveCfg = Release|Any CPU
		{C5127A52-D8EC-4B86-8F3B-865F34BA607E}.Release|x86.Build.0 = Release|Any CPU
		{72F2621E-51DB-4881-8B98-B49982438B21}.Ad-Hoc|Any CPU.ActiveCfg = Release|Any CPU
		{72F2621E-51DB-4881-8B98-B49982438B21}.Ad-Hoc|Any CPU.Build.0 = Release|Any CPU
		{72F2621E-51DB-4881-8B98-B49982438B21}.Ad-Hoc|iPhone.ActiveCfg = Release|Any CPU
		{72F2621E-51DB-4881-8B98-B49982438B21}.Ad-Hoc|iPhone.Build.0 = Release|Any CPU
		{72F2621E-51DB-4881-8B98-B49982438B21}.Ad-Hoc|iPhoneSimulator.ActiveCfg = Release|Any CPU
		{72F2621E-51DB-4881-8B98-B49982438B21}.Ad-Hoc|iPhoneSimulator.Build.0 = Release|Any CPU
		{72F2621E-51DB-4881-8B98-B49982438B21}.Ad-Hoc|x64.ActiveCfg = Release|Any CPU
		{72F2621E-51DB-4881-8B98-B49982438B21}.Ad-Hoc|x64.Build.0 = Release|Any CPU
		{72F2621E-51DB-4881-8B98-B49982438B21}.Ad-Hoc|x86.ActiveCfg = Release|Any CPU
		{72F2621E-51DB-4881-8B98-B49982438B21}.Ad-Hoc|x86.Build.0 = Release|Any CPU
		{72F2621E-51DB-4881-8B98-B49982438B21}.AppStore|Any CPU.ActiveCfg = Release|Any CPU
		{72F2621E-51DB-4881-8B98-B49982438B21}.AppStore|Any CPU.Build.0 = Release|Any CPU
		{72F2621E-51DB-4881-8B98-B49982438B21}.AppStore|iPhone.ActiveCfg = Release|Any CPU
		{72F2621E-51DB-4881-8B98-B49982438B21}.AppStore|iPhone.Build.0 = Release|Any CPU
		{72F2621E-51DB-4881-8B98-B49982438B21}.AppStore|iPhoneSimulator.ActiveCfg = Release|Any CPU
		{72F2621E-51DB-4881-8B98-B49982438B21}.AppStore|iPhoneSimulator.Build.0 = Release|Any CPU
		{72F2621E-51DB-4881-8B98-B49982438B21}.AppStore|x64.ActiveCfg = Release|Any CPU
		{72F2621E-51DB-4881-8B98-B49982438B21}.AppStore|x64.Build.0 = Release|Any CPU
		{72F2621E-51DB-4881-8B98-B49982438B21}.AppStore|x86.ActiveCfg = Release|Any CPU
		{72F2621E-51DB-4881-8B98-B49982438B21}.AppStore|x86.Build.0 = Release|Any CPU
		{72F2621E-51DB-4881-8B98-B49982438B21}.Debug_NetStandard|Any CPU.ActiveCfg = Debug|Any CPU
		{72F2621E-51DB-4881-8B98-B49982438B21}.Debug_NetStandard|Any CPU.Build.0 = Debug|Any CPU
		{72F2621E-51DB-4881-8B98-B49982438B21}.Debug_NetStandard|iPhone.ActiveCfg = Debug|Any CPU
		{72F2621E-51DB-4881-8B98-B49982438B21}.Debug_NetStandard|iPhone.Build.0 = Debug|Any CPU
		{72F2621E-51DB-4881-8B98-B49982438B21}.Debug_NetStandard|iPhoneSimulator.ActiveCfg = Debug|Any CPU
		{72F2621E-51DB-4881-8B98-B49982438B21}.Debug_NetStandard|iPhoneSimulator.Build.0 = Debug|Any CPU
		{72F2621E-51DB-4881-8B98-B49982438B21}.Debug_NetStandard|x64.ActiveCfg = Debug|Any CPU
		{72F2621E-51DB-4881-8B98-B49982438B21}.Debug_NetStandard|x64.Build.0 = Debug|Any CPU
		{72F2621E-51DB-4881-8B98-B49982438B21}.Debug_NetStandard|x86.ActiveCfg = Debug|Any CPU
		{72F2621E-51DB-4881-8B98-B49982438B21}.Debug_NetStandard|x86.Build.0 = Debug|Any CPU
		{72F2621E-51DB-4881-8B98-B49982438B21}.Debug|Any CPU.ActiveCfg = Debug|Any CPU
		{72F2621E-51DB-4881-8B98-B49982438B21}.Debug|Any CPU.Build.0 = Debug|Any CPU
		{72F2621E-51DB-4881-8B98-B49982438B21}.Debug|iPhone.ActiveCfg = Debug|Any CPU
		{72F2621E-51DB-4881-8B98-B49982438B21}.Debug|iPhone.Build.0 = Debug|Any CPU
		{72F2621E-51DB-4881-8B98-B49982438B21}.Debug|iPhoneSimulator.ActiveCfg = Debug|Any CPU
		{72F2621E-51DB-4881-8B98-B49982438B21}.Debug|iPhoneSimulator.Build.0 = Debug|Any CPU
		{72F2621E-51DB-4881-8B98-B49982438B21}.Debug|x64.ActiveCfg = Debug|Any CPU
		{72F2621E-51DB-4881-8B98-B49982438B21}.Debug|x64.Build.0 = Debug|Any CPU
		{72F2621E-51DB-4881-8B98-B49982438B21}.Debug|x86.ActiveCfg = Debug|Any CPU
		{72F2621E-51DB-4881-8B98-B49982438B21}.Debug|x86.Build.0 = Debug|Any CPU
		{72F2621E-51DB-4881-8B98-B49982438B21}.Release_NetStandard|Any CPU.ActiveCfg = Release|Any CPU
		{72F2621E-51DB-4881-8B98-B49982438B21}.Release_NetStandard|Any CPU.Build.0 = Release|Any CPU
		{72F2621E-51DB-4881-8B98-B49982438B21}.Release_NetStandard|iPhone.ActiveCfg = Release|Any CPU
		{72F2621E-51DB-4881-8B98-B49982438B21}.Release_NetStandard|iPhone.Build.0 = Release|Any CPU
		{72F2621E-51DB-4881-8B98-B49982438B21}.Release_NetStandard|iPhoneSimulator.ActiveCfg = Release|Any CPU
		{72F2621E-51DB-4881-8B98-B49982438B21}.Release_NetStandard|iPhoneSimulator.Build.0 = Release|Any CPU
		{72F2621E-51DB-4881-8B98-B49982438B21}.Release_NetStandard|x64.ActiveCfg = Release|Any CPU
		{72F2621E-51DB-4881-8B98-B49982438B21}.Release_NetStandard|x64.Build.0 = Release|Any CPU
		{72F2621E-51DB-4881-8B98-B49982438B21}.Release_NetStandard|x86.ActiveCfg = Release|Any CPU
		{72F2621E-51DB-4881-8B98-B49982438B21}.Release_NetStandard|x86.Build.0 = Release|Any CPU
		{72F2621E-51DB-4881-8B98-B49982438B21}.Release|Any CPU.ActiveCfg = Release|Any CPU
		{72F2621E-51DB-4881-8B98-B49982438B21}.Release|Any CPU.Build.0 = Release|Any CPU
		{72F2621E-51DB-4881-8B98-B49982438B21}.Release|iPhone.ActiveCfg = Release|Any CPU
		{72F2621E-51DB-4881-8B98-B49982438B21}.Release|iPhone.Build.0 = Release|Any CPU
		{72F2621E-51DB-4881-8B98-B49982438B21}.Release|iPhoneSimulator.ActiveCfg = Release|Any CPU
		{72F2621E-51DB-4881-8B98-B49982438B21}.Release|iPhoneSimulator.Build.0 = Release|Any CPU
		{72F2621E-51DB-4881-8B98-B49982438B21}.Release|x64.ActiveCfg = Release|Any CPU
		{72F2621E-51DB-4881-8B98-B49982438B21}.Release|x64.Build.0 = Release|Any CPU
		{72F2621E-51DB-4881-8B98-B49982438B21}.Release|x86.ActiveCfg = Release|Any CPU
		{72F2621E-51DB-4881-8B98-B49982438B21}.Release|x86.Build.0 = Release|Any CPU
		{7EF9E66B-A1DD-4A34-9D69-86AF7F074B51}.Ad-Hoc|Any CPU.ActiveCfg = Release|Any CPU
		{7EF9E66B-A1DD-4A34-9D69-86AF7F074B51}.Ad-Hoc|Any CPU.Build.0 = Release|Any CPU
		{7EF9E66B-A1DD-4A34-9D69-86AF7F074B51}.Ad-Hoc|iPhone.ActiveCfg = Release|Any CPU
		{7EF9E66B-A1DD-4A34-9D69-86AF7F074B51}.Ad-Hoc|iPhone.Build.0 = Release|Any CPU
		{7EF9E66B-A1DD-4A34-9D69-86AF7F074B51}.Ad-Hoc|iPhoneSimulator.ActiveCfg = Release|Any CPU
		{7EF9E66B-A1DD-4A34-9D69-86AF7F074B51}.Ad-Hoc|iPhoneSimulator.Build.0 = Release|Any CPU
		{7EF9E66B-A1DD-4A34-9D69-86AF7F074B51}.Ad-Hoc|x64.ActiveCfg = Release|Any CPU
		{7EF9E66B-A1DD-4A34-9D69-86AF7F074B51}.Ad-Hoc|x64.Build.0 = Release|Any CPU
		{7EF9E66B-A1DD-4A34-9D69-86AF7F074B51}.Ad-Hoc|x86.ActiveCfg = Release|Any CPU
		{7EF9E66B-A1DD-4A34-9D69-86AF7F074B51}.Ad-Hoc|x86.Build.0 = Release|Any CPU
		{7EF9E66B-A1DD-4A34-9D69-86AF7F074B51}.AppStore|Any CPU.ActiveCfg = Release|Any CPU
		{7EF9E66B-A1DD-4A34-9D69-86AF7F074B51}.AppStore|Any CPU.Build.0 = Release|Any CPU
		{7EF9E66B-A1DD-4A34-9D69-86AF7F074B51}.AppStore|iPhone.ActiveCfg = Release|Any CPU
		{7EF9E66B-A1DD-4A34-9D69-86AF7F074B51}.AppStore|iPhone.Build.0 = Release|Any CPU
		{7EF9E66B-A1DD-4A34-9D69-86AF7F074B51}.AppStore|iPhoneSimulator.ActiveCfg = Release|Any CPU
		{7EF9E66B-A1DD-4A34-9D69-86AF7F074B51}.AppStore|iPhoneSimulator.Build.0 = Release|Any CPU
		{7EF9E66B-A1DD-4A34-9D69-86AF7F074B51}.AppStore|x64.ActiveCfg = Release|Any CPU
		{7EF9E66B-A1DD-4A34-9D69-86AF7F074B51}.AppStore|x64.Build.0 = Release|Any CPU
		{7EF9E66B-A1DD-4A34-9D69-86AF7F074B51}.AppStore|x86.ActiveCfg = Release|Any CPU
		{7EF9E66B-A1DD-4A34-9D69-86AF7F074B51}.AppStore|x86.Build.0 = Release|Any CPU
		{7EF9E66B-A1DD-4A34-9D69-86AF7F074B51}.Debug_NetStandard|Any CPU.ActiveCfg = Debug|Any CPU
		{7EF9E66B-A1DD-4A34-9D69-86AF7F074B51}.Debug_NetStandard|Any CPU.Build.0 = Debug|Any CPU
		{7EF9E66B-A1DD-4A34-9D69-86AF7F074B51}.Debug_NetStandard|iPhone.ActiveCfg = Debug|Any CPU
		{7EF9E66B-A1DD-4A34-9D69-86AF7F074B51}.Debug_NetStandard|iPhone.Build.0 = Debug|Any CPU
		{7EF9E66B-A1DD-4A34-9D69-86AF7F074B51}.Debug_NetStandard|iPhoneSimulator.ActiveCfg = Debug|Any CPU
		{7EF9E66B-A1DD-4A34-9D69-86AF7F074B51}.Debug_NetStandard|iPhoneSimulator.Build.0 = Debug|Any CPU
		{7EF9E66B-A1DD-4A34-9D69-86AF7F074B51}.Debug_NetStandard|x64.ActiveCfg = Debug|Any CPU
		{7EF9E66B-A1DD-4A34-9D69-86AF7F074B51}.Debug_NetStandard|x64.Build.0 = Debug|Any CPU
		{7EF9E66B-A1DD-4A34-9D69-86AF7F074B51}.Debug_NetStandard|x86.ActiveCfg = Debug|Any CPU
		{7EF9E66B-A1DD-4A34-9D69-86AF7F074B51}.Debug_NetStandard|x86.Build.0 = Debug|Any CPU
		{7EF9E66B-A1DD-4A34-9D69-86AF7F074B51}.Debug|Any CPU.ActiveCfg = Debug|Any CPU
		{7EF9E66B-A1DD-4A34-9D69-86AF7F074B51}.Debug|Any CPU.Build.0 = Debug|Any CPU
		{7EF9E66B-A1DD-4A34-9D69-86AF7F074B51}.Debug|iPhone.ActiveCfg = Debug|Any CPU
		{7EF9E66B-A1DD-4A34-9D69-86AF7F074B51}.Debug|iPhone.Build.0 = Debug|Any CPU
		{7EF9E66B-A1DD-4A34-9D69-86AF7F074B51}.Debug|iPhoneSimulator.ActiveCfg = Debug|Any CPU
		{7EF9E66B-A1DD-4A34-9D69-86AF7F074B51}.Debug|iPhoneSimulator.Build.0 = Debug|Any CPU
		{7EF9E66B-A1DD-4A34-9D69-86AF7F074B51}.Debug|x64.ActiveCfg = Debug|Any CPU
		{7EF9E66B-A1DD-4A34-9D69-86AF7F074B51}.Debug|x64.Build.0 = Debug|Any CPU
		{7EF9E66B-A1DD-4A34-9D69-86AF7F074B51}.Debug|x86.ActiveCfg = Debug|Any CPU
		{7EF9E66B-A1DD-4A34-9D69-86AF7F074B51}.Debug|x86.Build.0 = Debug|Any CPU
		{7EF9E66B-A1DD-4A34-9D69-86AF7F074B51}.Release_NetStandard|Any CPU.ActiveCfg = Release|Any CPU
		{7EF9E66B-A1DD-4A34-9D69-86AF7F074B51}.Release_NetStandard|Any CPU.Build.0 = Release|Any CPU
		{7EF9E66B-A1DD-4A34-9D69-86AF7F074B51}.Release_NetStandard|iPhone.ActiveCfg = Release|Any CPU
		{7EF9E66B-A1DD-4A34-9D69-86AF7F074B51}.Release_NetStandard|iPhone.Build.0 = Release|Any CPU
		{7EF9E66B-A1DD-4A34-9D69-86AF7F074B51}.Release_NetStandard|iPhoneSimulator.ActiveCfg = Release|Any CPU
		{7EF9E66B-A1DD-4A34-9D69-86AF7F074B51}.Release_NetStandard|iPhoneSimulator.Build.0 = Release|Any CPU
		{7EF9E66B-A1DD-4A34-9D69-86AF7F074B51}.Release_NetStandard|x64.ActiveCfg = Release|Any CPU
		{7EF9E66B-A1DD-4A34-9D69-86AF7F074B51}.Release_NetStandard|x64.Build.0 = Release|Any CPU
		{7EF9E66B-A1DD-4A34-9D69-86AF7F074B51}.Release_NetStandard|x86.ActiveCfg = Release|Any CPU
		{7EF9E66B-A1DD-4A34-9D69-86AF7F074B51}.Release_NetStandard|x86.Build.0 = Release|Any CPU
		{7EF9E66B-A1DD-4A34-9D69-86AF7F074B51}.Release|Any CPU.ActiveCfg = Release|Any CPU
		{7EF9E66B-A1DD-4A34-9D69-86AF7F074B51}.Release|Any CPU.Build.0 = Release|Any CPU
		{7EF9E66B-A1DD-4A34-9D69-86AF7F074B51}.Release|iPhone.ActiveCfg = Release|Any CPU
		{7EF9E66B-A1DD-4A34-9D69-86AF7F074B51}.Release|iPhone.Build.0 = Release|Any CPU
		{7EF9E66B-A1DD-4A34-9D69-86AF7F074B51}.Release|iPhoneSimulator.ActiveCfg = Release|Any CPU
		{7EF9E66B-A1DD-4A34-9D69-86AF7F074B51}.Release|iPhoneSimulator.Build.0 = Release|Any CPU
		{7EF9E66B-A1DD-4A34-9D69-86AF7F074B51}.Release|x64.ActiveCfg = Release|Any CPU
		{7EF9E66B-A1DD-4A34-9D69-86AF7F074B51}.Release|x64.Build.0 = Release|Any CPU
		{7EF9E66B-A1DD-4A34-9D69-86AF7F074B51}.Release|x86.ActiveCfg = Release|Any CPU
		{7EF9E66B-A1DD-4A34-9D69-86AF7F074B51}.Release|x86.Build.0 = Release|Any CPU
		{3DE3FF35-5303-41F0-9F66-5B5AB2B6B7DF}.Ad-Hoc|Any CPU.ActiveCfg = Release|Any CPU
		{3DE3FF35-5303-41F0-9F66-5B5AB2B6B7DF}.Ad-Hoc|Any CPU.Build.0 = Release|Any CPU
		{3DE3FF35-5303-41F0-9F66-5B5AB2B6B7DF}.Ad-Hoc|iPhone.ActiveCfg = Release|Any CPU
		{3DE3FF35-5303-41F0-9F66-5B5AB2B6B7DF}.Ad-Hoc|iPhone.Build.0 = Release|Any CPU
		{3DE3FF35-5303-41F0-9F66-5B5AB2B6B7DF}.Ad-Hoc|iPhoneSimulator.ActiveCfg = Release|Any CPU
		{3DE3FF35-5303-41F0-9F66-5B5AB2B6B7DF}.Ad-Hoc|iPhoneSimulator.Build.0 = Release|Any CPU
		{3DE3FF35-5303-41F0-9F66-5B5AB2B6B7DF}.Ad-Hoc|x64.ActiveCfg = Release|Any CPU
		{3DE3FF35-5303-41F0-9F66-5B5AB2B6B7DF}.Ad-Hoc|x64.Build.0 = Release|Any CPU
		{3DE3FF35-5303-41F0-9F66-5B5AB2B6B7DF}.Ad-Hoc|x86.ActiveCfg = Release|Any CPU
		{3DE3FF35-5303-41F0-9F66-5B5AB2B6B7DF}.Ad-Hoc|x86.Build.0 = Release|Any CPU
		{3DE3FF35-5303-41F0-9F66-5B5AB2B6B7DF}.AppStore|Any CPU.ActiveCfg = Release|Any CPU
		{3DE3FF35-5303-41F0-9F66-5B5AB2B6B7DF}.AppStore|Any CPU.Build.0 = Release|Any CPU
		{3DE3FF35-5303-41F0-9F66-5B5AB2B6B7DF}.AppStore|iPhone.ActiveCfg = Release|Any CPU
		{3DE3FF35-5303-41F0-9F66-5B5AB2B6B7DF}.AppStore|iPhone.Build.0 = Release|Any CPU
		{3DE3FF35-5303-41F0-9F66-5B5AB2B6B7DF}.AppStore|iPhoneSimulator.ActiveCfg = Release|Any CPU
		{3DE3FF35-5303-41F0-9F66-5B5AB2B6B7DF}.AppStore|iPhoneSimulator.Build.0 = Release|Any CPU
		{3DE3FF35-5303-41F0-9F66-5B5AB2B6B7DF}.AppStore|x64.ActiveCfg = Release|Any CPU
		{3DE3FF35-5303-41F0-9F66-5B5AB2B6B7DF}.AppStore|x64.Build.0 = Release|Any CPU
		{3DE3FF35-5303-41F0-9F66-5B5AB2B6B7DF}.AppStore|x86.ActiveCfg = Release|Any CPU
		{3DE3FF35-5303-41F0-9F66-5B5AB2B6B7DF}.AppStore|x86.Build.0 = Release|Any CPU
		{3DE3FF35-5303-41F0-9F66-5B5AB2B6B7DF}.Debug_NetStandard|Any CPU.ActiveCfg = Debug|Any CPU
		{3DE3FF35-5303-41F0-9F66-5B5AB2B6B7DF}.Debug_NetStandard|Any CPU.Build.0 = Debug|Any CPU
		{3DE3FF35-5303-41F0-9F66-5B5AB2B6B7DF}.Debug_NetStandard|iPhone.ActiveCfg = Debug|Any CPU
		{3DE3FF35-5303-41F0-9F66-5B5AB2B6B7DF}.Debug_NetStandard|iPhone.Build.0 = Debug|Any CPU
		{3DE3FF35-5303-41F0-9F66-5B5AB2B6B7DF}.Debug_NetStandard|iPhoneSimulator.ActiveCfg = Debug|Any CPU
		{3DE3FF35-5303-41F0-9F66-5B5AB2B6B7DF}.Debug_NetStandard|iPhoneSimulator.Build.0 = Debug|Any CPU
		{3DE3FF35-5303-41F0-9F66-5B5AB2B6B7DF}.Debug_NetStandard|x64.ActiveCfg = Debug|Any CPU
		{3DE3FF35-5303-41F0-9F66-5B5AB2B6B7DF}.Debug_NetStandard|x64.Build.0 = Debug|Any CPU
		{3DE3FF35-5303-41F0-9F66-5B5AB2B6B7DF}.Debug_NetStandard|x86.ActiveCfg = Debug|Any CPU
		{3DE3FF35-5303-41F0-9F66-5B5AB2B6B7DF}.Debug_NetStandard|x86.Build.0 = Debug|Any CPU
		{3DE3FF35-5303-41F0-9F66-5B5AB2B6B7DF}.Debug|Any CPU.ActiveCfg = Debug|Any CPU
		{3DE3FF35-5303-41F0-9F66-5B5AB2B6B7DF}.Debug|Any CPU.Build.0 = Debug|Any CPU
		{3DE3FF35-5303-41F0-9F66-5B5AB2B6B7DF}.Debug|iPhone.ActiveCfg = Debug|Any CPU
		{3DE3FF35-5303-41F0-9F66-5B5AB2B6B7DF}.Debug|iPhone.Build.0 = Debug|Any CPU
		{3DE3FF35-5303-41F0-9F66-5B5AB2B6B7DF}.Debug|iPhoneSimulator.ActiveCfg = Debug|Any CPU
		{3DE3FF35-5303-41F0-9F66-5B5AB2B6B7DF}.Debug|iPhoneSimulator.Build.0 = Debug|Any CPU
		{3DE3FF35-5303-41F0-9F66-5B5AB2B6B7DF}.Debug|x64.ActiveCfg = Debug|Any CPU
		{3DE3FF35-5303-41F0-9F66-5B5AB2B6B7DF}.Debug|x64.Build.0 = Debug|Any CPU
		{3DE3FF35-5303-41F0-9F66-5B5AB2B6B7DF}.Debug|x86.ActiveCfg = Debug|Any CPU
		{3DE3FF35-5303-41F0-9F66-5B5AB2B6B7DF}.Debug|x86.Build.0 = Debug|Any CPU
		{3DE3FF35-5303-41F0-9F66-5B5AB2B6B7DF}.Release_NetStandard|Any CPU.ActiveCfg = Release|Any CPU
		{3DE3FF35-5303-41F0-9F66-5B5AB2B6B7DF}.Release_NetStandard|Any CPU.Build.0 = Release|Any CPU
		{3DE3FF35-5303-41F0-9F66-5B5AB2B6B7DF}.Release_NetStandard|iPhone.ActiveCfg = Release|Any CPU
		{3DE3FF35-5303-41F0-9F66-5B5AB2B6B7DF}.Release_NetStandard|iPhone.Build.0 = Release|Any CPU
		{3DE3FF35-5303-41F0-9F66-5B5AB2B6B7DF}.Release_NetStandard|iPhoneSimulator.ActiveCfg = Release|Any CPU
		{3DE3FF35-5303-41F0-9F66-5B5AB2B6B7DF}.Release_NetStandard|iPhoneSimulator.Build.0 = Release|Any CPU
		{3DE3FF35-5303-41F0-9F66-5B5AB2B6B7DF}.Release_NetStandard|x64.ActiveCfg = Release|Any CPU
		{3DE3FF35-5303-41F0-9F66-5B5AB2B6B7DF}.Release_NetStandard|x64.Build.0 = Release|Any CPU
		{3DE3FF35-5303-41F0-9F66-5B5AB2B6B7DF}.Release_NetStandard|x86.ActiveCfg = Release|Any CPU
		{3DE3FF35-5303-41F0-9F66-5B5AB2B6B7DF}.Release_NetStandard|x86.Build.0 = Release|Any CPU
		{3DE3FF35-5303-41F0-9F66-5B5AB2B6B7DF}.Release|Any CPU.ActiveCfg = Release|Any CPU
		{3DE3FF35-5303-41F0-9F66-5B5AB2B6B7DF}.Release|Any CPU.Build.0 = Release|Any CPU
		{3DE3FF35-5303-41F0-9F66-5B5AB2B6B7DF}.Release|iPhone.ActiveCfg = Release|Any CPU
		{3DE3FF35-5303-41F0-9F66-5B5AB2B6B7DF}.Release|iPhone.Build.0 = Release|Any CPU
		{3DE3FF35-5303-41F0-9F66-5B5AB2B6B7DF}.Release|iPhoneSimulator.ActiveCfg = Release|Any CPU
		{3DE3FF35-5303-41F0-9F66-5B5AB2B6B7DF}.Release|iPhoneSimulator.Build.0 = Release|Any CPU
		{3DE3FF35-5303-41F0-9F66-5B5AB2B6B7DF}.Release|x64.ActiveCfg = Release|Any CPU
		{3DE3FF35-5303-41F0-9F66-5B5AB2B6B7DF}.Release|x64.Build.0 = Release|Any CPU
		{3DE3FF35-5303-41F0-9F66-5B5AB2B6B7DF}.Release|x86.ActiveCfg = Release|Any CPU
		{3DE3FF35-5303-41F0-9F66-5B5AB2B6B7DF}.Release|x86.Build.0 = Release|Any CPU
	EndGlobalSection
	GlobalSection(SolutionProperties) = preSolution
		HideSolutionNode = FALSE
	EndGlobalSection
	GlobalSection(ExtensibilityGlobals) = postSolution
		SolutionGuid = {20B4B580-0260-4C0D-BD10-8F712752F482}
	EndGlobalSection
EndGlobal
